
Microsoft Visual Studio Solution File, Format Version 12.00
# Visual Studio Version 17
VisualStudioVersion = 17.8.34330.188
MinimumVisualStudioVersion = 10.0.40219.1
Project("{FAE04EC0-301F-11D3-BF4B-00C04F79EFBC}") = "HelloWorld", "HelloWorld\HelloWorld.csproj", "{88443309-8222-4710-9847-DA36DBB04E02}"
EndProject
Global
	GlobalSection(SolutionConfigurationPlatforms) = preSolution
		Debug|Any CPU = Debug|Any CPU
		Release|Any CPU = Release|Any CPU
	EndGlobalSection
	GlobalSection(ProjectConfigurationPlatforms) = postSolution
		{88443309-8222-4710-9847-DA36DBB04E02}.Debug|Any CPU.ActiveCfg = Debug|Any CPU
		{88443309-8222-4710-9847-DA36DBB04E02}.Debug|Any CPU.Build.0 = Debug|Any CPU
		{88443309-8222-4710-9847-DA36DBB04E02}.Release|Any CPU.ActiveCfg = Release|Any CPU
		{88443309-8222-4710-9847-DA36DBB04E02}.Release|Any CPU.Build.0 = Release|Any CPU
	EndGlobalSection
	GlobalSection(SolutionProperties) = preSolution
		HideSolutionNode = FALSE
	EndGlobalSection
	GlobalSection(ExtensibilityGlobals) = postSolution
		SolutionGuid = {424B7298-9077-4341-A566-3FE840BDE04D}
	EndGlobalSection
EndGlobal
